<?xml version="1.0" encoding="utf-8"?>
<Project ToolsVersion="16.0" xmlns="http://schemas.microsoft.com/developer/msbuild/2003">
  <ItemGroup>
    <ClCompile Include="D:\Animation_Research_Toolkit\one_triangle_copy\main.cpp">
      <Filter>Source Files</Filter>
    </ClCompile>
  </ItemGroup>
  <ItemGroup>
    <CustomBuild Include="D:\Animation_Research_Toolkit\one_triangle_copy\CMakeLists.txt" />
  </ItemGroup>
  <ItemGroup>
    <Filter Include="Source Files">
      <UniqueIdentifier>{170EE9EE-75B8-3159-AF29-6205D86B413E}</UniqueIdentifier>
    </Filter>
  </ItemGroup>
</Project>
