<?xml version="1.0" encoding="utf-8"?>
<Project ToolsVersion="16.0" xmlns="http://schemas.microsoft.com/developer/msbuild/2003">
  <ItemGroup>
    <CustomBuild Include="D:\Animation_Research_Toolkit\one_triangle_copy\bulid\CMakeFiles\c2389061e974afde7ae177ebfce9ba62\generate.stamp.rule">
      <Filter>CMake Rules</Filter>
    </CustomBuild>
  </ItemGroup>
  <ItemGroup>
    <Filter Include="CMake Rules">
      <UniqueIdentifier>{2BA89F08-310F-3011-AF56-A9F516D13F34}</UniqueIdentifier>
    </Filter>
  </ItemGroup>
</Project>
